// !$*UTF8*$!
{
	archiveVersion = 1;
	classes = {
	};
	objectVersion = 56;
	objects = {

/* Begin PBXBuildFile section */
		0D0559F12BC10F98003F269D /* Theme.swift in Sources */ = {isa = PBXBuildFile; fileRef = 0D0559F02BC10F98003F269D /* Theme.swift */; };
		0D0559F32BC1108B003F269D /* DailyScrum.swift in Sources */ = {isa = PBXBuildFile; fileRef = 0D0559F22BC1108B003F269D /* DailyScrum.swift */; };
		0D0559F52BC110BC003F269D /* CardView.swift in Sources */ = {isa = PBXBuildFile; fileRef = 0D0559F42BC110BC003F269D /* CardView.swift */; };
		0D0559F72BC1CE72003F269D /* TrailingIconLabelStyle.swift in Sources */ = {isa = PBXBuildFile; fileRef = 0D0559F62BC1CE72003F269D /* TrailingIconLabelStyle.swift */; };
		0D0559F92BC1D7E6003F269D /* ScrumsView.swift in Sources */ = {isa = PBXBuildFile; fileRef = 0D0559F82BC1D7E6003F269D /* ScrumsView.swift */; };
		0D0559FC2BC1DE49003F269D /* DetailView.swift in Sources */ = {isa = PBXBuildFile; fileRef = 0D0559FB2BC1DE49003F269D /* DetailView.swift */; };
		0D0559FE2BC1E4D2003F269D /* DetailEditView.swift in Sources */ = {isa = PBXBuildFile; fileRef = 0D0559FD2BC1E4D2003F269D /* DetailEditView.swift */; };
		0D055A002BC1E88F003F269D /* ThemeView.swift in Sources */ = {isa = PBXBuildFile; fileRef = 0D0559FF2BC1E88F003F269D /* ThemeView.swift */; };
		0D055A022BC1E8BB003F269D /* ThemePicker.swift in Sources */ = {isa = PBXBuildFile; fileRef = 0D055A012BC1E8BB003F269D /* ThemePicker.swift */; };
		0D055A042BC1EAAC003F269D /* MeetingHeaderView.swift in Sources */ = {isa = PBXBuildFile; fileRef = 0D055A032BC1EAAC003F269D /* MeetingHeaderView.swift */; };
		0D055A062BC1EB09003F269D /* ScrumTimer.swift in Sources */ = {isa = PBXBuildFile; fileRef = 0D055A052BC1EB09003F269D /* ScrumTimer.swift */; };
		0D055A082BC1EC43003F269D /* AVPlayer+Ding.swift in Sources */ = {isa = PBXBuildFile; fileRef = 0D055A072BC1EC43003F269D /* AVPlayer+Ding.swift */; };
		0D055A0A2BC1EC62003F269D /* History.swift in Sources */ = {isa = PBXBuildFile; fileRef = 0D055A092BC1EC62003F269D /* History.swift */; };
		0D055A0D2BC1ED29003F269D /* MeetingFooterView.swift in Sources */ = {isa = PBXBuildFile; fileRef = 0D055A0C2BC1ED29003F269D /* MeetingFooterView.swift */; };
		0D055A0F2BC1ED5B003F269D /* NewScrumSheet.swift in Sources */ = {isa = PBXBuildFile; fileRef = 0D055A0E2BC1ED5B003F269D /* NewScrumSheet.swift */; };
		0D055A112BC1ED88003F269D /* ScrumProgessViewStyle.swift in Sources */ = {isa = PBXBuildFile; fileRef = 0D055A102BC1ED88003F269D /* ScrumProgessViewStyle.swift */; };
		0D055A132BC1EF23003F269D /* ScrumStore.swift in Sources */ = {isa = PBXBuildFile; fileRef = 0D055A122BC1EF23003F269D /* ScrumStore.swift */; };
		0D055A152BC1EFFF003F269D /* ErrorWrapping.swift in Sources */ = {isa = PBXBuildFile; fileRef = 0D055A142BC1EFFF003F269D /* ErrorWrapping.swift */; };
		0D055A172BC1F01C003F269D /* ErrorView.swift in Sources */ = {isa = PBXBuildFile; fileRef = 0D055A162BC1F01C003F269D /* ErrorView.swift */; };
		0D055A192BC1F0D0003F269D /* MeetingTimerView.swift in Sources */ = {isa = PBXBuildFile; fileRef = 0D055A182BC1F0D0003F269D /* MeetingTimerView.swift */; };
		0D055A1B2BC1F100003F269D /* SpeakerArc.swift in Sources */ = {isa = PBXBuildFile; fileRef = 0D055A1A2BC1F100003F269D /* SpeakerArc.swift */; };
		0D055A1D2BC1F1EF003F269D /* SpeechRecognizer.swift in Sources */ = {isa = PBXBuildFile; fileRef = 0D055A1C2BC1F1EF003F269D /* SpeechRecognizer.swift */; };
		0D055A1F2BC1F299003F269D /* HistoryView.swift in Sources */ = {isa = PBXBuildFile; fileRef = 0D055A1E2BC1F299003F269D /* HistoryView.swift */; };
		0D947F0C2BBFB09C00545EA4 /* ScrumdingerApp.swift in Sources */ = {isa = PBXBuildFile; fileRef = 0D947F0B2BBFB09C00545EA4 /* ScrumdingerApp.swift */; };
		0D947F0E2BBFB09C00545EA4 /* MeetingView.swift in Sources */ = {isa = PBXBuildFile; fileRef = 0D947F0D2BBFB09C00545EA4 /* MeetingView.swift */; };
		0D947F102BBFB09D00545EA4 /* Assets.xcassets in Resources */ = {isa = PBXBuildFile; fileRef = 0D947F0F2BBFB09D00545EA4 /* Assets.xcassets */; };
		0D947F132BBFB09D00545EA4 /* Preview Assets.xcassets in Resources */ = {isa = PBXBuildFile; fileRef = 0D947F122BBFB09D00545EA4 /* Preview Assets.xcassets */; };
		0D947F1D2BBFB09D00545EA4 /* ScrumdingerTests.swift in Sources */ = {isa = PBXBuildFile; fileRef = 0D947F1C2BBFB09D00545EA4 /* ScrumdingerTests.swift */; };
		0D947F272BBFB09D00545EA4 /* ScrumdingerUITests.swift in Sources */ = {isa = PBXBuildFile; fileRef = 0D947F262BBFB09D00545EA4 /* ScrumdingerUITests.swift */; };
		0D947F292BBFB09D00545EA4 /* ScrumdingerUITestsLaunchTests.swift in Sources */ = {isa = PBXBuildFile; fileRef = 0D947F282BBFB09D00545EA4 /* ScrumdingerUITestsLaunchTests.swift */; };
/* End PBXBuildFile section */

/* Begin PBXContainerItemProxy section */
		0D947F192BBFB09D00545EA4 /* PBXContainerItemProxy */ = {
			isa = PBXContainerItemProxy;
			containerPortal = 0D947F002BBFB09C00545EA4 /* Project object */;
			proxyType = 1;
			remoteGlobalIDString = 0D947F072BBFB09C00545EA4;
			remoteInfo = Scrumdinger;
		};
		0D947F232BBFB09D00545EA4 /* PBXContainerItemProxy */ = {
			isa = PBXContainerItemProxy;
			containerPortal = 0D947F002BBFB09C00545EA4 /* Project object */;
			proxyType = 1;
			remoteGlobalIDString = 0D947F072BBFB09C00545EA4;
			remoteInfo = Scrumdinger;
		};
/* End PBXContainerItemProxy section */

/* Begin PBXFileReference section */
		0D0559F02BC10F98003F269D /* Theme.swift */ = {isa = PBXFileReference; lastKnownFileType = sourcecode.swift; path = Theme.swift; sourceTree = "<group>"; };
		0D0559F22BC1108B003F269D /* DailyScrum.swift */ = {isa = PBXFileReference; lastKnownFileType = sourcecode.swift; path = DailyScrum.swift; sourceTree = "<group>"; };
		0D0559F42BC110BC003F269D /* CardView.swift */ = {isa = PBXFileReference; lastKnownFileType = sourcecode.swift; path = CardView.swift; sourceTree = "<group>"; };
		0D0559F62BC1CE72003F269D /* TrailingIconLabelStyle.swift */ = {isa = PBXFileReference; lastKnownFileType = sourcecode.swift; path = TrailingIconLabelStyle.swift; sourceTree = "<group>"; };
		0D0559F82BC1D7E6003F269D /* ScrumsView.swift */ = {isa = PBXFileReference; lastKnownFileType = sourcecode.swift; path = ScrumsView.swift; sourceTree = "<group>"; };
		0D0559FB2BC1DE49003F269D /* DetailView.swift */ = {isa = PBXFileReference; lastKnownFileType = sourcecode.swift; path = DetailView.swift; sourceTree = "<group>"; };
		0D0559FD2BC1E4D2003F269D /* DetailEditView.swift */ = {isa = PBXFileReference; lastKnownFileType = sourcecode.swift; path = DetailEditView.swift; sourceTree = "<group>"; };
		0D0559FF2BC1E88F003F269D /* ThemeView.swift */ = {isa = PBXFileReference; lastKnownFileType = sourcecode.swift; path = ThemeView.swift; sourceTree = "<group>"; };
		0D055A012BC1E8BB003F269D /* ThemePicker.swift */ = {isa = PBXFileReference; lastKnownFileType = sourcecode.swift; path = ThemePicker.swift; sourceTree = "<group>"; };
		0D055A032BC1EAAC003F269D /* MeetingHeaderView.swift */ = {isa = PBXFileReference; lastKnownFileType = sourcecode.swift; path = MeetingHeaderView.swift; sourceTree = "<group>"; };
		0D055A052BC1EB09003F269D /* ScrumTimer.swift */ = {isa = PBXFileReference; lastKnownFileType = sourcecode.swift; path = ScrumTimer.swift; sourceTree = "<group>"; };
		0D055A072BC1EC43003F269D /* AVPlayer+Ding.swift */ = {isa = PBXFileReference; lastKnownFileType = sourcecode.swift; path = "AVPlayer+Ding.swift"; sourceTree = "<group>"; };
		0D055A092BC1EC62003F269D /* History.swift */ = {isa = PBXFileReference; lastKnownFileType = sourcecode.swift; path = History.swift; sourceTree = "<group>"; };
		0D055A0C2BC1ED29003F269D /* MeetingFooterView.swift */ = {isa = PBXFileReference; lastKnownFileType = sourcecode.swift; path = MeetingFooterView.swift; sourceTree = "<group>"; };
		0D055A0E2BC1ED5B003F269D /* NewScrumSheet.swift */ = {isa = PBXFileReference; lastKnownFileType = sourcecode.swift; path = NewScrumSheet.swift; sourceTree = "<group>"; };
		0D055A102BC1ED88003F269D /* ScrumProgessViewStyle.swift */ = {isa = PBXFileReference; lastKnownFileType = sourcecode.swift; path = ScrumProgessViewStyle.swift; sourceTree = "<group>"; };
		0D055A122BC1EF23003F269D /* ScrumStore.swift */ = {isa = PBXFileReference; lastKnownFileType = sourcecode.swift; path = ScrumStore.swift; sourceTree = "<group>"; };
		0D055A142BC1EFFF003F269D /* ErrorWrapping.swift */ = {isa = PBXFileReference; lastKnownFileType = sourcecode.swift; path = ErrorWrapping.swift; sourceTree = "<group>"; };
		0D055A162BC1F01C003F269D /* ErrorView.swift */ = {isa = PBXFileReference; lastKnownFileType = sourcecode.swift; path = ErrorView.swift; sourceTree = "<group>"; };
		0D055A182BC1F0D0003F269D /* MeetingTimerView.swift */ = {isa = PBXFileReference; lastKnownFileType = sourcecode.swift; path = MeetingTimerView.swift; sourceTree = "<group>"; };
		0D055A1A2BC1F100003F269D /* SpeakerArc.swift */ = {isa = PBXFileReference; lastKnownFileType = sourcecode.swift; path = SpeakerArc.swift; sourceTree = "<group>"; };
		0D055A1C2BC1F1EF003F269D /* SpeechRecognizer.swift */ = {isa = PBXFileReference; lastKnownFileType = sourcecode.swift; path = SpeechRecognizer.swift; sourceTree = "<group>"; };
		0D055A1E2BC1F299003F269D /* HistoryView.swift */ = {isa = PBXFileReference; lastKnownFileType = sourcecode.swift; path = HistoryView.swift; sourceTree = "<group>"; };
		0D947F082BBFB09C00545EA4 /* Scrumdinger.app */ = {isa = PBXFileReference; explicitFileType = wrapper.application; includeInIndex = 0; path = Scrumdinger.app; sourceTree = BUILT_PRODUCTS_DIR; };
		0D947F0B2BBFB09C00545EA4 /* ScrumdingerApp.swift */ = {isa = PBXFileReference; lastKnownFileType = sourcecode.swift; path = ScrumdingerApp.swift; sourceTree = "<group>"; };
		0D947F0D2BBFB09C00545EA4 /* MeetingView.swift */ = {isa = PBXFileReference; lastKnownFileType = sourcecode.swift; path = MeetingView.swift; sourceTree = "<group>"; };
		0D947F0F2BBFB09D00545EA4 /* Assets.xcassets */ = {isa = PBXFileReference; lastKnownFileType = folder.assetcatalog; path = Assets.xcassets; sourceTree = "<group>"; };
		0D947F122BBFB09D00545EA4 /* Preview Assets.xcassets */ = {isa = PBXFileReference; lastKnownFileType = folder.assetcatalog; path = "Preview Assets.xcassets"; sourceTree = "<group>"; };
		0D947F182BBFB09D00545EA4 /* ScrumdingerTests.xctest */ = {isa = PBXFileReference; explicitFileType = wrapper.cfbundle; includeInIndex = 0; path = ScrumdingerTests.xctest; sourceTree = BUILT_PRODUCTS_DIR; };
		0D947F1C2BBFB09D00545EA4 /* ScrumdingerTests.swift */ = {isa = PBXFileReference; lastKnownFileType = sourcecode.swift; path = ScrumdingerTests.swift; sourceTree = "<group>"; };
		0D947F222BBFB09D00545EA4 /* ScrumdingerUITests.xctest */ = {isa = PBXFileReference; explicitFileType = wrapper.cfbundle; includeInIndex = 0; path = ScrumdingerUITests.xctest; sourceTree = BUILT_PRODUCTS_DIR; };
		0D947F262BBFB09D00545EA4 /* ScrumdingerUITests.swift */ = {isa = PBXFileReference; lastKnownFileType = sourcecode.swift; path = ScrumdingerUITests.swift; sourceTree = "<group>"; };
		0D947F282BBFB09D00545EA4 /* ScrumdingerUITestsLaunchTests.swift */ = {isa = PBXFileReference; lastKnownFileType = sourcecode.swift; path = ScrumdingerUITestsLaunchTests.swift; sourceTree = "<group>"; };
/* End PBXFileReference section */

/* Begin PBXFrameworksBuildPhase section */
		0D947F052BBFB09C00545EA4 /* Frameworks */ = {
			isa = PBXFrameworksBuildPhase;
			buildActionMask = 2147483647;
			files = (
			);
			runOnlyForDeploymentPostprocessing = 0;
		};
		0D947F152BBFB09D00545EA4 /* Frameworks */ = {
			isa = PBXFrameworksBuildPhase;
			buildActionMask = 2147483647;
			files = (
			);
			runOnlyForDeploymentPostprocessing = 0;
		};
		0D947F1F2BBFB09D00545EA4 /* Frameworks */ = {
			isa = PBXFrameworksBuildPhase;
			buildActionMask = 2147483647;
			files = (
			);
			runOnlyForDeploymentPostprocessing = 0;
		};
/* End PBXFrameworksBuildPhase section */

/* Begin PBXGroup section */
		0D0559EF2BC10F70003F269D /* Models */ = {
			isa = PBXGroup;
			children = (
				0D0559F02BC10F98003F269D /* Theme.swift */,
				0D055A052BC1EB09003F269D /* ScrumTimer.swift */,
				0D055A142BC1EFFF003F269D /* ErrorWrapping.swift */,
				0D0559F22BC1108B003F269D /* DailyScrum.swift */,
				0D055A072BC1EC43003F269D /* AVPlayer+Ding.swift */,
				0D055A1C2BC1F1EF003F269D /* SpeechRecognizer.swift */,
				0D055A092BC1EC62003F269D /* History.swift */,
				0D055A122BC1EF23003F269D /* ScrumStore.swift */,
			);
			path = Models;
			sourceTree = "<group>";
		};
		0D0559FA2BC1DE04003F269D /* Views */ = {
			isa = PBXGroup;
			children = (
				0D0559F42BC110BC003F269D /* CardView.swift */,
				0D0559FD2BC1E4D2003F269D /* DetailEditView.swift */,
				0D0559FB2BC1DE49003F269D /* DetailView.swift */,
				0D055A162BC1F01C003F269D /* ErrorView.swift */,
				0D055A1E2BC1F299003F269D /* HistoryView.swift */,
				0D055A0C2BC1ED29003F269D /* MeetingFooterView.swift */,
				0D055A032BC1EAAC003F269D /* MeetingHeaderView.swift */,
				0D055A182BC1F0D0003F269D /* MeetingTimerView.swift */,
				0D947F0D2BBFB09C00545EA4 /* MeetingView.swift */,
				0D055A0E2BC1ED5B003F269D /* NewScrumSheet.swift */,
				0D055A102BC1ED88003F269D /* ScrumProgessViewStyle.swift */,
				0D0559F82BC1D7E6003F269D /* ScrumsView.swift */,
				0D055A1A2BC1F100003F269D /* SpeakerArc.swift */,
				0D055A012BC1E8BB003F269D /* ThemePicker.swift */,
				0D0559FF2BC1E88F003F269D /* ThemeView.swift */,
				0D0559F62BC1CE72003F269D /* TrailingIconLabelStyle.swift */,
			);
			path = Views;
			sourceTree = "<group>";
		};
		0D055A0B2BC1ECB6003F269D /* Resources */ = {
			isa = PBXGroup;
			children = (
			);
			path = Resources;
			sourceTree = "<group>";
		};
		0D947EFF2BBFB09C00545EA4 = {
			isa = PBXGroup;
			children = (
				0D947F0A2BBFB09C00545EA4 /* Scrumdinger */,
				0D947F1B2BBFB09D00545EA4 /* ScrumdingerTests */,
				0D947F252BBFB09D00545EA4 /* ScrumdingerUITests */,
				0D947F092BBFB09C00545EA4 /* Products */,
			);
			sourceTree = "<group>";
		};
		0D947F092BBFB09C00545EA4 /* Products */ = {
			isa = PBXGroup;
			children = (
				0D947F082BBFB09C00545EA4 /* Scrumdinger.app */,
				0D947F182BBFB09D00545EA4 /* ScrumdingerTests.xctest */,
				0D947F222BBFB09D00545EA4 /* ScrumdingerUITests.xctest */,
			);
			name = Products;
			sourceTree = "<group>";
		};
		0D947F0A2BBFB09C00545EA4 /* Scrumdinger */ = {
			isa = PBXGroup;
			children = (
				0D055A0B2BC1ECB6003F269D /* Resources */,
				0D0559FA2BC1DE04003F269D /* Views */,
				0D0559EF2BC10F70003F269D /* Models */,
				0D947F0B2BBFB09C00545EA4 /* ScrumdingerApp.swift */,
				0D947F0F2BBFB09D00545EA4 /* Assets.xcassets */,
				0D947F112BBFB09D00545EA4 /* Preview Content */,
			);
			path = Scrumdinger;
			sourceTree = "<group>";
		};
		0D947F112BBFB09D00545EA4 /* Preview Content */ = {
			isa = PBXGroup;
			children = (
				0D947F122BBFB09D00545EA4 /* Preview Assets.xcassets */,
			);
			path = "Preview Content";
			sourceTree = "<group>";
		};
		0D947F1B2BBFB09D00545EA4 /* ScrumdingerTests */ = {
			isa = PBXGroup;
			children = (
				0D947F1C2BBFB09D00545EA4 /* ScrumdingerTests.swift */,
			);
			path = ScrumdingerTests;
			sourceTree = "<group>";
		};
		0D947F252BBFB09D00545EA4 /* ScrumdingerUITests */ = {
			isa = PBXGroup;
			children = (
				0D947F262BBFB09D00545EA4 /* ScrumdingerUITests.swift */,
				0D947F282BBFB09D00545EA4 /* ScrumdingerUITestsLaunchTests.swift */,
			);
			path = ScrumdingerUITests;
			sourceTree = "<group>";
		};
/* End PBXGroup section */

/* Begin PBXNativeTarget section */
		0D947F072BBFB09C00545EA4 /* Scrumdinger */ = {
			isa = PBXNativeTarget;
			buildConfigurationList = 0D947F2C2BBFB09D00545EA4 /* Build configuration list for PBXNativeTarget "Scrumdinger" */;
			buildPhases = (
				0D947F042BBFB09C00545EA4 /* Sources */,
				0D947F052BBFB09C00545EA4 /* Frameworks */,
				0D947F062BBFB09C00545EA4 /* Resources */,
			);
			buildRules = (
			);
			dependencies = (
			);
			name = Scrumdinger;
			productName = Scrumdinger;
			productReference = 0D947F082BBFB09C00545EA4 /* Scrumdinger.app */;
			productType = "com.apple.product-type.application";
		};
		0D947F172BBFB09D00545EA4 /* ScrumdingerTests */ = {
			isa = PBXNativeTarget;
			buildConfigurationList = 0D947F2F2BBFB09D00545EA4 /* Build configuration list for PBXNativeTarget "ScrumdingerTests" */;
			buildPhases = (
				0D947F142BBFB09D00545EA4 /* Sources */,
				0D947F152BBFB09D00545EA4 /* Frameworks */,
				0D947F162BBFB09D00545EA4 /* Resources */,
			);
			buildRules = (
			);
			dependencies = (
				0D947F1A2BBFB09D00545EA4 /* PBXTargetDependency */,
			);
			name = ScrumdingerTests;
			productName = ScrumdingerTests;
			productReference = 0D947F182BBFB09D00545EA4 /* ScrumdingerTests.xctest */;
			productType = "com.apple.product-type.bundle.unit-test";
		};
		0D947F212BBFB09D00545EA4 /* ScrumdingerUITests */ = {
			isa = PBXNativeTarget;
			buildConfigurationList = 0D947F322BBFB09D00545EA4 /* Build configuration list for PBXNativeTarget "ScrumdingerUITests" */;
			buildPhases = (
				0D947F1E2BBFB09D00545EA4 /* Sources */,
				0D947F1F2BBFB09D00545EA4 /* Frameworks */,
				0D947F202BBFB09D00545EA4 /* Resources */,
			);
			buildRules = (
			);
			dependencies = (
				0D947F242BBFB09D00545EA4 /* PBXTargetDependency */,
			);
			name = ScrumdingerUITests;
			productName = ScrumdingerUITests;
			productReference = 0D947F222BBFB09D00545EA4 /* ScrumdingerUITests.xctest */;
			productType = "com.apple.product-type.bundle.ui-testing";
		};
/* End PBXNativeTarget section */

/* Begin PBXProject section */
		0D947F002BBFB09C00545EA4 /* Project object */ = {
			isa = PBXProject;
			attributes = {
				BuildIndependentTargetsInParallel = 1;
				LastSwiftUpdateCheck = 1500;
				LastUpgradeCheck = 1500;
				TargetAttributes = {
					0D947F072BBFB09C00545EA4 = {
						CreatedOnToolsVersion = 15.0.1;
					};
					0D947F172BBFB09D00545EA4 = {
						CreatedOnToolsVersion = 15.0.1;
						TestTargetID = 0D947F072BBFB09C00545EA4;
					};
					0D947F212BBFB09D00545EA4 = {
						CreatedOnToolsVersion = 15.0.1;
						TestTargetID = 0D947F072BBFB09C00545EA4;
					};
				};
			};
			buildConfigurationList = 0D947F032BBFB09C00545EA4 /* Build configuration list for PBXProject "Scrumdinger" */;
			compatibilityVersion = "Xcode 14.0";
			developmentRegion = en;
			hasScannedForEncodings = 0;
			knownRegions = (
				en,
				Base,
			);
			mainGroup = 0D947EFF2BBFB09C00545EA4;
			productRefGroup = 0D947F092BBFB09C00545EA4 /* Products */;
			projectDirPath = "";
			projectRoot = "";
			targets = (
				0D947F072BBFB09C00545EA4 /* Scrumdinger */,
				0D947F172BBFB09D00545EA4 /* ScrumdingerTests */,
				0D947F212BBFB09D00545EA4 /* ScrumdingerUITests */,
			);
		};
/* End PBXProject section */

/* Begin PBXResourcesBuildPhase section */
		0D947F062BBFB09C00545EA4 /* Resources */ = {
			isa = PBXResourcesBuildPhase;
			buildActionMask = 2147483647;
			files = (
				0D947F132BBFB09D00545EA4 /* Preview Assets.xcassets in Resources */,
				0D947F102BBFB09D00545EA4 /* Assets.xcassets in Resources */,
			);
			runOnlyForDeploymentPostprocessing = 0;
		};
		0D947F162BBFB09D00545EA4 /* Resources */ = {
			isa = PBXResourcesBuildPhase;
			buildActionMask = 2147483647;
			files = (
			);
			runOnlyForDeploymentPostprocessing = 0;
		};
		0D947F202BBFB09D00545EA4 /* Resources */ = {
			isa = PBXResourcesBuildPhase;
			buildActionMask = 2147483647;
			files = (
			);
			runOnlyForDeploymentPostprocessing = 0;
		};
/* End PBXResourcesBuildPhase section */

/* Begin PBXSourcesBuildPhase section */
		0D947F042BBFB09C00545EA4 /* Sources */ = {
			isa = PBXSourcesBuildPhase;
			buildActionMask = 2147483647;
			files = (
				0D055A022BC1E8BB003F269D /* ThemePicker.swift in Sources */,
				0D0559F32BC1108B003F269D /* DailyScrum.swift in Sources */,
				0D0559FC2BC1DE49003F269D /* DetailView.swift in Sources */,
				0D055A042BC1EAAC003F269D /* MeetingHeaderView.swift in Sources */,
				0D055A1B2BC1F100003F269D /* SpeakerArc.swift in Sources */,
				0D055A172BC1F01C003F269D /* ErrorView.swift in Sources */,
				0D0559FE2BC1E4D2003F269D /* DetailEditView.swift in Sources */,
				0D055A1F2BC1F299003F269D /* HistoryView.swift in Sources */,
				0D055A192BC1F0D0003F269D /* MeetingTimerView.swift in Sources */,
				0D055A0D2BC1ED29003F269D /* MeetingFooterView.swift in Sources */,
				0D055A132BC1EF23003F269D /* ScrumStore.swift in Sources */,
				0D0559F72BC1CE72003F269D /* TrailingIconLabelStyle.swift in Sources */,
				0D0559F12BC10F98003F269D /* Theme.swift in Sources */,
				0D055A0F2BC1ED5B003F269D /* NewScrumSheet.swift in Sources */,
				0D0559F92BC1D7E6003F269D /* ScrumsView.swift in Sources */,
				0D947F0E2BBFB09C00545EA4 /* MeetingView.swift in Sources */,
				0D055A152BC1EFFF003F269D /* ErrorWrapping.swift in Sources */,
				0D055A0A2BC1EC62003F269D /* History.swift in Sources */,
				0D055A1D2BC1F1EF003F269D /* SpeechRecognizer.swift in Sources */,
				0D055A082BC1EC43003F269D /* AVPlayer+Ding.swift in Sources */,
				0D947F0C2BBFB09C00545EA4 /* ScrumdingerApp.swift in Sources */,
				0D055A002BC1E88F003F269D /* ThemeView.swift in Sources */,
				0D055A112BC1ED88003F269D /* ScrumProgessViewStyle.swift in Sources */,
				0D0559F52BC110BC003F269D /* CardView.swift in Sources */,
				0D055A062BC1EB09003F269D /* ScrumTimer.swift in Sources */,
			);
			runOnlyForDeploymentPostprocessing = 0;
		};
		0D947F142BBFB09D00545EA4 /* Sources */ = {
			isa = PBXSourcesBuildPhase;
			buildActionMask = 2147483647;
			files = (
				0D947F1D2BBFB09D00545EA4 /* ScrumdingerTests.swift in Sources */,
			);
			runOnlyForDeploymentPostprocessing = 0;
		};
		0D947F1E2BBFB09D00545EA4 /* Sources */ = {
			isa = PBXSourcesBuildPhase;
			buildActionMask = 2147483647;
			files = (
				0D947F292BBFB09D00545EA4 /* ScrumdingerUITestsLaunchTests.swift in Sources */,
				0D947F272BBFB09D00545EA4 /* ScrumdingerUITests.swift in Sources */,
			);
			runOnlyForDeploymentPostprocessing = 0;
		};
/* End PBXSourcesBuildPhase section */

/* Begin PBXTargetDependency section */
		0D947F1A2BBFB09D00545EA4 /* PBXTargetDependency */ = {
			isa = PBXTargetDependency;
			target = 0D947F072BBFB09C00545EA4 /* Scrumdinger */;
			targetProxy = 0D947F192BBFB09D00545EA4 /* PBXContainerItemProxy */;
		};
		0D947F242BBFB09D00545EA4 /* PBXTargetDependency */ = {
			isa = PBXTargetDependency;
			target = 0D947F072BBFB09C00545EA4 /* Scrumdinger */;
			targetProxy = 0D947F232BBFB09D00545EA4 /* PBXContainerItemProxy */;
		};
/* End PBXTargetDependency section */

/* Begin XCBuildConfiguration section */
		0D947F2A2BBFB09D00545EA4 /* Debug */ = {
			isa = XCBuildConfiguration;
			buildSettings = {
				ALWAYS_SEARCH_USER_PATHS = NO;
				ASSETCATALOG_COMPILER_GENERATE_SWIFT_ASSET_SYMBOL_EXTENSIONS = YES;
				CLANG_ANALYZER_NONNULL = YES;
				CLANG_ANALYZER_NUMBER_OBJECT_CONVERSION = YES_AGGRESSIVE;
				CLANG_CXX_LANGUAGE_STANDARD = "gnu++20";
				CLANG_ENABLE_MODULES = YES;
				CLANG_ENABLE_OBJC_ARC = YES;
				CLANG_ENABLE_OBJC_WEAK = YES;
				CLANG_WARN_BLOCK_CAPTURE_AUTORELEASING = YES;
				CLANG_WARN_BOOL_CONVERSION = YES;
				CLANG_WARN_COMMA = YES;
				CLANG_WARN_CONSTANT_CONVERSION = YES;
				CLANG_WARN_DEPRECATED_OBJC_IMPLEMENTATIONS = YES;
				CLANG_WARN_DIRECT_OBJC_ISA_USAGE = YES_ERROR;
				CLANG_WARN_DOCUMENTATION_COMMENTS = YES;
				CLANG_WARN_EMPTY_BODY = YES;
				CLANG_WARN_ENUM_CONVERSION = YES;
				CLANG_WARN_INFINITE_RECURSION = YES;
				CLANG_WARN_INT_CONVERSION = YES;
				CLANG_WARN_NON_LITERAL_NULL_CONVERSION = YES;
				CLANG_WARN_OBJC_IMPLICIT_RETAIN_SELF = YES;
				CLANG_WARN_OBJC_LITERAL_CONVERSION = YES;
				CLANG_WARN_OBJC_ROOT_CLASS = YES_ERROR;
				CLANG_WARN_QUOTED_INCLUDE_IN_FRAMEWORK_HEADER = YES;
				CLANG_WARN_RANGE_LOOP_ANALYSIS = YES;
				CLANG_WARN_STRICT_PROTOTYPES = YES;
				CLANG_WARN_SUSPICIOUS_MOVE = YES;
				CLANG_WARN_UNGUARDED_AVAILABILITY = YES_AGGRESSIVE;
				CLANG_WARN_UNREACHABLE_CODE = YES;
				CLANG_WARN__DUPLICATE_METHOD_MATCH = YES;
				COPY_PHASE_STRIP = NO;
				DEBUG_INFORMATION_FORMAT = dwarf;
				ENABLE_STRICT_OBJC_MSGSEND = YES;
				ENABLE_TESTABILITY = YES;
				ENABLE_USER_SCRIPT_SANDBOXING = YES;
				GCC_C_LANGUAGE_STANDARD = gnu17;
				GCC_DYNAMIC_NO_PIC = NO;
				GCC_NO_COMMON_BLOCKS = YES;
				GCC_OPTIMIZATION_LEVEL = 0;
				GCC_PREPROCESSOR_DEFINITIONS = (
					"DEBUG=1",
					"$(inherited)",
				);
				GCC_WARN_64_TO_32_BIT_CONVERSION = YES;
				GCC_WARN_ABOUT_RETURN_TYPE = YES_ERROR;
				GCC_WARN_UNDECLARED_SELECTOR = YES;
				GCC_WARN_UNINITIALIZED_AUTOS = YES_AGGRESSIVE;
				GCC_WARN_UNUSED_FUNCTION = YES;
				GCC_WARN_UNUSED_VARIABLE = YES;
				IPHONEOS_DEPLOYMENT_TARGET = 17.0;
				LOCALIZATION_PREFERS_STRING_CATALOGS = YES;
				MTL_ENABLE_DEBUG_INFO = INCLUDE_SOURCE;
				MTL_FAST_MATH = YES;
				ONLY_ACTIVE_ARCH = YES;
				SDKROOT = iphoneos;
				SWIFT_ACTIVE_COMPILATION_CONDITIONS = "DEBUG $(inherited)";
				SWIFT_OPTIMIZATION_LEVEL = "-Onone";
			};
			name = Debug;
		};
		0D947F2B2BBFB09D00545EA4 /* Release */ = {
			isa = XCBuildConfiguration;
			buildSettings = {
				ALWAYS_SEARCH_USER_PATHS = NO;
				ASSETCATALOG_COMPILER_GENERATE_SWIFT_ASSET_SYMBOL_EXTENSIONS = YES;
				CLANG_ANALYZER_NONNULL = YES;
				CLANG_ANALYZER_NUMBER_OBJECT_CONVERSION = YES_AGGRESSIVE;
				CLANG_CXX_LANGUAGE_STANDARD = "gnu++20";
				CLANG_ENABLE_MODULES = YES;
				CLANG_ENABLE_OBJC_ARC = YES;
				CLANG_ENABLE_OBJC_WEAK = YES;
				CLANG_WARN_BLOCK_CAPTURE_AUTORELEASING = YES;
				CLANG_WARN_BOOL_CONVERSION = YES;
				CLANG_WARN_COMMA = YES;
				CLANG_WARN_CONSTANT_CONVERSION = YES;
				CLANG_WARN_DEPRECATED_OBJC_IMPLEMENTATIONS = YES;
				CLANG_WARN_DIRECT_OBJC_ISA_USAGE = YES_ERROR;
				CLANG_WARN_DOCUMENTATION_COMMENTS = YES;
				CLANG_WARN_EMPTY_BODY = YES;
				CLANG_WARN_ENUM_CONVERSION = YES;
				CLANG_WARN_INFINITE_RECURSION = YES;
				CLANG_WARN_INT_CONVERSION = YES;
				CLANG_WARN_NON_LITERAL_NULL_CONVERSION = YES;
				CLANG_WARN_OBJC_IMPLICIT_RETAIN_SELF = YES;
				CLANG_WARN_OBJC_LITERAL_CONVERSION = YES;
				CLANG_WARN_OBJC_ROOT_CLASS = YES_ERROR;
				CLANG_WARN_QUOTED_INCLUDE_IN_FRAMEWORK_HEADER = YES;
				CLANG_WARN_RANGE_LOOP_ANALYSIS = YES;
				CLANG_WARN_STRICT_PROTOTYPES = YES;
				CLANG_WARN_SUSPICIOUS_MOVE = YES;
				CLANG_WARN_UNGUARDED_AVAILABILITY = YES_AGGRESSIVE;
				CLANG_WARN_UNREACHABLE_CODE = YES;
				CLANG_WARN__DUPLICATE_METHOD_MATCH = YES;
				COPY_PHASE_STRIP = NO;
				DEBUG_INFORMATION_FORMAT = "dwarf-with-dsym";
				ENABLE_NS_ASSERTIONS = NO;
				ENABLE_STRICT_OBJC_MSGSEND = YES;
				ENABLE_USER_SCRIPT_SANDBOXING = YES;
				GCC_C_LANGUAGE_STANDARD = gnu17;
				GCC_NO_COMMON_BLOCKS = YES;
				GCC_WARN_64_TO_32_BIT_CONVERSION = YES;
				GCC_WARN_ABOUT_RETURN_TYPE = YES_ERROR;
				GCC_WARN_UNDECLARED_SELECTOR = YES;
				GCC_WARN_UNINITIALIZED_AUTOS = YES_AGGRESSIVE;
				GCC_WARN_UNUSED_FUNCTION = YES;
				GCC_WARN_UNUSED_VARIABLE = YES;
				IPHONEOS_DEPLOYMENT_TARGET = 17.0;
				LOCALIZATION_PREFERS_STRING_CATALOGS = YES;
				MTL_ENABLE_DEBUG_INFO = NO;
				MTL_FAST_MATH = YES;
				SDKROOT = iphoneos;
				SWIFT_COMPILATION_MODE = wholemodule;
				VALIDATE_PRODUCT = YES;
			};
			name = Release;
		};
		0D947F2D2BBFB09D00545EA4 /* Debug */ = {
			isa = XCBuildConfiguration;
			buildSettings = {
				ASSETCATALOG_COMPILER_APPICON_NAME = AppIcon;
				ASSETCATALOG_COMPILER_GLOBAL_ACCENT_COLOR_NAME = AccentColor;
				CODE_SIGN_STYLE = Automatic;
				CURRENT_PROJECT_VERSION = 1;
				DEVELOPMENT_ASSET_PATHS = "\"Scrumdinger/Preview Content\"";
				DEVELOPMENT_TEAM = 87WPRVR8D7;
				ENABLE_PREVIEWS = YES;
				GENERATE_INFOPLIST_FILE = YES;
				INFOPLIST_KEY_NSMicrophoneUsageDescription = "";
				INFOPLIST_KEY_NSSpeechRecognitionUsageDescription = "";
				INFOPLIST_KEY_UIApplicationSceneManifest_Generation = YES;
				INFOPLIST_KEY_UIApplicationSupportsIndirectInputEvents = YES;
				INFOPLIST_KEY_UILaunchScreen_Generation = YES;
				INFOPLIST_KEY_UISupportedInterfaceOrientations_iPad = "UIInterfaceOrientationPortrait UIInterfaceOrientationPortraitUpsideDown UIInterfaceOrientationLandscapeLeft UIInterfaceOrientationLandscapeRight";
				INFOPLIST_KEY_UISupportedInterfaceOrientations_iPhone = "UIInterfaceOrientationPortrait UIInterfaceOrientationLandscapeLeft UIInterfaceOrientationLandscapeRight";
				LD_RUNPATH_SEARCH_PATHS = (
					"$(inherited)",
					"@executable_path/Frameworks",
				);
				MARKETING_VERSION = 1.0;
				PRODUCT_BUNDLE_IDENTIFIER = "-ichael7ambert.Scrumdinger";
				PRODUCT_NAME = "$(TARGET_NAME)";
				SWIFT_EMIT_LOC_STRINGS = YES;
				SWIFT_VERSION = 5.0;
				TARGETED_DEVICE_FAMILY = "1,2";
			};
			name = Debug;
		};
		0D947F2E2BBFB09D00545EA4 /* Release */ = {
			isa = XCBuildConfiguration;
			buildSettings = {
				ASSETCATALOG_COMPILER_APPICON_NAME = AppIcon;
				ASSETCATALOG_COMPILER_GLOBAL_ACCENT_COLOR_NAME = AccentColor;
				CODE_SIGN_STYLE = Automatic;
				CURRENT_PROJECT_VERSION = 1;
				DEVELOPMENT_ASSET_PATHS = "\"Scrumdinger/Preview Content\"";
				DEVELOPMENT_TEAM = 87WPRVR8D7;
				ENABLE_PREVIEWS = YES;
				GENERATE_INFOPLIST_FILE = YES;
				INFOPLIST_KEY_NSMicrophoneUsageDescription = "";
				INFOPLIST_KEY_NSSpeechRecognitionUsageDescription = "";
				INFOPLIST_KEY_UIApplicationSceneManifest_Generation = YES;
				INFOPLIST_KEY_UIApplicationSupportsIndirectInputEvents = YES;
				INFOPLIST_KEY_UILaunchScreen_Generation = YES;
				INFOPLIST_KEY_UISupportedInterfaceOrientations_iPad = "UIInterfaceOrientationPortrait UIInterfaceOrientationPortraitUpsideDown UIInterfaceOrientationLandscapeLeft UIInterfaceOrientationLandscapeRight";
				INFOPLIST_KEY_UISupportedInterfaceOrientations_iPhone = "UIInterfaceOrientationPortrait UIInterfaceOrientationLandscapeLeft UIInterfaceOrientationLandscapeRight";
				LD_RUNPATH_SEARCH_PATHS = (
					"$(inherited)",
					"@executable_path/Frameworks",
				);
				MARKETING_VERSION = 1.0;
				PRODUCT_BUNDLE_IDENTIFIER = "-ichael7ambert.Scrumdinger";
				PRODUCT_NAME = "$(TARGET_NAME)";
				SWIFT_EMIT_LOC_STRINGS = YES;
				SWIFT_VERSION = 5.0;
				TARGETED_DEVICE_FAMILY = "1,2";
			};
			name = Release;
		};
		0D947F302BBFB09D00545EA4 /* Debug */ = {
			isa = XCBuildConfiguration;
			buildSettings = {
				ALWAYS_EMBED_SWIFT_STANDARD_LIBRARIES = YES;
				BUNDLE_LOADER = "$(TEST_HOST)";
				CODE_SIGN_STYLE = Automatic;
				CURRENT_PROJECT_VERSION = 1;
				GENERATE_INFOPLIST_FILE = YES;
				IPHONEOS_DEPLOYMENT_TARGET = 17.0;
				MARKETING_VERSION = 1.0;
				PRODUCT_BUNDLE_IDENTIFIER = "-ichael7ambert.ScrumdingerTests";
				PRODUCT_NAME = "$(TARGET_NAME)";
				SWIFT_EMIT_LOC_STRINGS = NO;
				SWIFT_VERSION = 5.0;
				TARGETED_DEVICE_FAMILY = "1,2";
				TEST_HOST = "$(BUILT_PRODUCTS_DIR)/Scrumdinger.app/$(BUNDLE_EXECUTABLE_FOLDER_PATH)/Scrumdinger";
			};
			name = Debug;
		};
		0D947F312BBFB09D00545EA4 /* Release */ = {
			isa = XCBuildConfiguration;
			buildSettings = {
				ALWAYS_EMBED_SWIFT_STANDARD_LIBRARIES = YES;
				BUNDLE_LOADER = "$(TEST_HOST)";
				CODE_SIGN_STYLE = Automatic;
				CURRENT_PROJECT_VERSION = 1;
				GENERATE_INFOPLIST_FILE = YES;
				IPHONEOS_DEPLOYMENT_TARGET = 17.0;
				MARKETING_VERSION = 1.0;
				PRODUCT_BUNDLE_IDENTIFIER = "-ichael7ambert.ScrumdingerTests";
				PRODUCT_NAME = "$(TARGET_NAME)";
				SWIFT_EMIT_LOC_STRINGS = NO;
				SWIFT_VERSION = 5.0;
				TARGETED_DEVICE_FAMILY = "1,2";
				TEST_HOST = "$(BUILT_PRODUCTS_DIR)/Scrumdinger.app/$(BUNDLE_EXECUTABLE_FOLDER_PATH)/Scrumdinger";
			};
			name = Release;
		};
		0D947F332BBFB09D00545EA4 /* Debug */ = {
			isa = XCBuildConfiguration;
			buildSettings = {
				ALWAYS_EMBED_SWIFT_STANDARD_LIBRARIES = YES;
				CODE_SIGN_STYLE = Automatic;
				CURRENT_PROJECT_VERSION = 1;
				GENERATE_INFOPLIST_FILE = YES;
				MARKETING_VERSION = 1.0;
				PRODUCT_BUNDLE_IDENTIFIER = "-ichael7ambert.ScrumdingerUITests";
				PRODUCT_NAME = "$(TARGET_NAME)";
				SWIFT_EMIT_LOC_STRINGS = NO;
				SWIFT_VERSION = 5.0;
				TARGETED_DEVICE_FAMILY = "1,2";
				TEST_TARGET_NAME = Scrumdinger;
			};
			name = Debug;
		};
		0D947F342BBFB09D00545EA4 /* Release */ = {
			isa = XCBuildConfiguration;
			buildSettings = {
				ALWAYS_EMBED_SWIFT_STANDARD_LIBRARIES = YES;
				CODE_SIGN_STYLE = Automatic;
				CURRENT_PROJECT_VERSION = 1;
				GENERATE_INFOPLIST_FILE = YES;
				MARKETING_VERSION = 1.0;
				PRODUCT_BUNDLE_IDENTIFIER = "-ichael7ambert.ScrumdingerUITests";
				PRODUCT_NAME = "$(TARGET_NAME)";
				SWIFT_EMIT_LOC_STRINGS = NO;
				SWIFT_VERSION = 5.0;
				TARGETED_DEVICE_FAMILY = "1,2";
				TEST_TARGET_NAME = Scrumdinger;
			};
			name = Release;
		};
/* End XCBuildConfiguration section */

/* Begin XCConfigurationList section */
		0D947F032BBFB09C00545EA4 /* Build configuration list for PBXProject "Scrumdinger" */ = {
			isa = XCConfigurationList;
			buildConfigurations = (
				0D947F2A2BBFB09D00545EA4 /* Debug */,
				0D947F2B2BBFB09D00545EA4 /* Release */,
			);
			defaultConfigurationIsVisible = 0;
			defaultConfigurationName = Release;
		};
		0D947F2C2BBFB09D00545EA4 /* Build configuration list for PBXNativeTarget "Scrumdinger" */ = {
			isa = XCConfigurationList;
			buildConfigurations = (
				0D947F2D2BBFB09D00545EA4 /* Debug */,
				0D947F2E2BBFB09D00545EA4 /* Release */,
			);
			defaultConfigurationIsVisible = 0;
			defaultConfigurationName = Release;
		};
		0D947F2F2BBFB09D00545EA4 /* Build configuration list for PBXNativeTarget "ScrumdingerTests" */ = {
			isa = XCConfigurationList;
			buildConfigurations = (
				0D947F302BBFB09D00545EA4 /* Debug */,
				0D947F312BBFB09D00545EA4 /* Release */,
			);
			defaultConfigurationIsVisible = 0;
			defaultConfigurationName = Release;
		};
		0D947F322BBFB09D00545EA4 /* Build configuration list for PBXNativeTarget "ScrumdingerUITests" */ = {
			isa = XCConfigurationList;
			buildConfigurations = (
				0D947F332BBFB09D00545EA4 /* Debug */,
				0D947F342BBFB09D00545EA4 /* Release */,
			);
			defaultConfigurationIsVisible = 0;
			defaultConfigurationName = Release;
		};
/* End XCConfigurationList section */
	};
	rootObject = 0D947F002BBFB09C00545EA4 /* Project object */;
}
